
Microsoft Visual Studio Solution File, Format Version 12.00
# Visual Studio Version 17
VisualStudioVersion = 17.6.33829.357
MinimumVisualStudioVersion = 10.0.40219.1
Project("{FAE04EC0-301F-11D3-BF4B-00C04F79EFBC}") = "CiAndCD", "CiAndCD\CiAndCD.csproj", "{23031AD0-1DB3-4FBD-8C28-59E9BA8735EC}"
EndProject
Project("{FAE04EC0-301F-11D3-BF4B-00C04F79EFBC}") = "CiCdTest", "CiCdTest\CiCdTest.csproj", "{E8A03D38-5F5E-406C-8513-A06776563CF0}"
EndProject
Global
	GlobalSection(SolutionConfigurationPlatforms) = preSolution
		Debug|Any CPU = Debug|Any CPU
		Release|Any CPU = Release|Any CPU
	EndGlobalSection
	GlobalSection(ProjectConfigurationPlatforms) = postSolution
		{23031AD0-1DB3-4FBD-8C28-59E9BA8735EC}.Debug|Any CPU.ActiveCfg = Debug|Any CPU
		{23031AD0-1DB3-4FBD-8C28-59E9BA8735EC}.Debug|Any CPU.Build.0 = Debug|Any CPU
		{23031AD0-1DB3-4FBD-8C28-59E9BA8735EC}.Release|Any CPU.ActiveCfg = Release|Any CPU
		{23031AD0-1DB3-4FBD-8C28-59E9BA8735EC}.Release|Any CPU.Build.0 = Release|Any CPU
		{E8A03D38-5F5E-406C-8513-A06776563CF0}.Debug|Any CPU.ActiveCfg = Debug|Any CPU
		{E8A03D38-5F5E-406C-8513-A06776563CF0}.Debug|Any CPU.Build.0 = Debug|Any CPU
		{E8A03D38-5F5E-406C-8513-A06776563CF0}.Release|Any CPU.ActiveCfg = Release|Any CPU
		{E8A03D38-5F5E-406C-8513-A06776563CF0}.Release|Any CPU.Build.0 = Release|Any CPU
	EndGlobalSection
	GlobalSection(SolutionProperties) = preSolution
		HideSolutionNode = FALSE
	EndGlobalSection
	GlobalSection(ExtensibilityGlobals) = postSolution
		SolutionGuid = {E2C0343F-7385-4707-8BEB-75748C37D86F}
	EndGlobalSection
EndGlobal
